{
  "name": "pokeclicker-wiki-backup",
  "version": "1.0.0",
  "lockfileVersion": 2,
  "requires": true,
  "packages": {
    "": {
      "name": "pokeclicker-wiki-backup",
      "version": "1.0.0",
      "license": "ISC",
      "dependencies": {
        "xmlsplit": "^1.2.8"
      }
    },
    "node_modules/inherits": {
      "version": "2.0.3",
      "resolved": "https://registry.npmjs.org/inherits/-/inherits-2.0.3.tgz",
      "integrity": "sha512-x00IRNXNy63jwGkJmzPigoySHbaqpNuzKbBOmzK+g2OdZpQ9w+sxCN+VSB3ja7IAge2OP2qpfxTjeNcyjmW1uw=="
    },
    "node_modules/util": {
      "version": "0.10.4",
      "resolved": "https://registry.npmjs.org/util/-/util-0.10.4.tgz",
      "integrity": "sha512-0Pm9hTQ3se5ll1XihRic3FDIku70C+iHUdT/W926rSgHV5QgXsYbKZN8MSC3tJtSkhuROzvsQjAaFENRXr+19A==",
      "dependencies": {
        "inherits": "2.0.3"
      }
    },
    "node_modules/xmlsplit": {
      "version": "1.2.8",
      "resolved": "https://registry.npmjs.org/xmlsplit/-/xmlsplit-1.2.8.tgz",
      "integrity": "sha512-uRPGUXsteFSHtHQiDt1FvKEUErP6HhxzW37ClZEgzTjuL+F3coyuZolESdElv20Q3GZG/Z5+Z2sBJh3EbaCReA==",
      "dependencies": {
        "util": "^0.10.3"
      },
      "engines": {
        "node": ">=0.11"
      }
    }
  },
  "dependencies": {
    "inherits": {
      "version": "2.0.3",
      "resolved": "https://registry.npmjs.org/inherits/-/inherits-2.0.3.tgz",
      "integrity": "sha512-x00IRNXNy63jwGkJmzPigoySHbaqpNuzKbBOmzK+g2OdZpQ9w+sxCN+VSB3ja7IAge2OP2qpfxTjeNcyjmW1uw=="
    },
    "util": {
      "version": "0.10.4",
      "resolved": "https://registry.npmjs.org/util/-/util-0.10.4.tgz",
      "integrity": "sha512-0Pm9hTQ3se5ll1XihRic3FDIku70C+iHUdT/W926rSgHV5QgXsYbKZN8MSC3tJtSkhuROzvsQjAaFENRXr+19A==",
      "requires": {
        "inherits": "2.0.3"
      }
    },
    "xmlsplit": {
      "version": "1.2.8",
      "resolved": "https://registry.npmjs.org/xmlsplit/-/xmlsplit-1.2.8.tgz",
      "integrity": "sha512-uRPGUXsteFSHtHQiDt1FvKEUErP6HhxzW37ClZEgzTjuL+F3coyuZolESdElv20Q3GZG/Z5+Z2sBJh3EbaCReA==",
      "requires": {
        "util": "^0.10.3"
      }
    }
  }
}
